// !$*UTF8*$!
{
	archiveVersion = 1;
	classes = {
	};
	objectVersion = 48;
	objects = {

/* Begin PBXBuildFile section */
		51048E7C1FCD8DF000F5AF2D /* kernel_template.cl in Sources */ = {isa = PBXBuildFile; fileRef = 51048E7A1FCD8DF000F5AF2D /* kernel_template.cl */; };
		51048E7D1FCD8DF000F5AF2D /* template.cpp in Sources */ = {isa = PBXBuildFile; fileRef = 51048E7B1FCD8DF000F5AF2D /* template.cpp */; };
		511D11BB1FAB0C98008E9A22 /* main.c in Sources */ = {isa = PBXBuildFile; fileRef = 511D11BA1FAB0C98008E9A22 /* main.c */; };
		517A68321F8FA0FE00A5B6CF /* predavanje_2.c in Sources */ = {isa = PBXBuildFile; fileRef = 517A68311F8FA0FE00A5B6CF /* predavanje_2.c */; };
		517A683C1F8FC96100A5B6CF /* main.c in Sources */ = {isa = PBXBuildFile; fileRef = 517A683B1F8FC96100A5B6CF /* main.c */; };
		51A4F7381FB1DD6B004A1FDD /* main.c in Sources */ = {isa = PBXBuildFile; fileRef = 51A4F7371FB1DD6B004A1FDD /* main.c */; };
		51AA86F71FBDD683005FDDB7 /* main.c in Sources */ = {isa = PBXBuildFile; fileRef = 51AA86F61FBDD683005FDDB7 /* main.c */; };
		51BAA78D1F9F5B6F00576AA4 /* main.c in Sources */ = {isa = PBXBuildFile; fileRef = 51BAA78C1F9F5B6F00576AA4 /* main.c */; };
		51BAA7951F9F6DA700576AA4 /* pthread_barrier.c in Frameworks */ = {isa = PBXBuildFile; fileRef = 51BAA7941F9F6DA700576AA4 /* pthread_barrier.c */; };
		51BAA79D1FA1C47F00576AA4 /* main.c in Sources */ = {isa = PBXBuildFile; fileRef = 51BAA79C1FA1C47F00576AA4 /* main.c */; };
		51C28EBE1FB4467C0094DB37 /* main.c in Sources */ = {isa = PBXBuildFile; fileRef = 51C28EBD1FB4467C0094DB37 /* main.c */; };
		51C821201F962E2E0089BDBE /* serverLinux.cpp in Sources */ = {isa = PBXBuildFile; fileRef = 51C8211F1F962E2E0089BDBE /* serverLinux.cpp */; };
		51C821281F9898160089BDBE /* main.c in Sources */ = {isa = PBXBuildFile; fileRef = 51C821271F9898160089BDBE /* main.c */; };
		51DC10B91FC45AB2000A919C /* kernel.cl in Sources */ = {isa = PBXBuildFile; fileRef = 51DC10B51FC45AB1000A919C /* kernel.cl */; };
		51DC10BA1FC45AB2000A919C /* main.cpp in Sources */ = {isa = PBXBuildFile; fileRef = 51DC10B71FC45AB2000A919C /* main.cpp */; };
		51DC10BB1FC45AB2000A919C /* mandelbrot.cpp in Sources */ = {isa = PBXBuildFile; fileRef = 51DC10B81FC45AB2000A919C /* mandelbrot.cpp */; };
/* End PBXBuildFile section */

/* Begin PBXCopyFilesBuildPhase section */
		511D11B61FAB0C98008E9A22 /* CopyFiles */ = {
			isa = PBXCopyFilesBuildPhase;
			buildActionMask = 2147483647;
			dstPath = /usr/share/man/man1/;
			dstSubfolderSpec = 0;
			files = (
			);
			runOnlyForDeploymentPostprocessing = 1;
		};
		517A68211F8FA0D300A5B6CF /* CopyFiles */ = {
			isa = PBXCopyFilesBuildPhase;
			buildActionMask = 2147483647;
			dstPath = /usr/share/man/man1/;
			dstSubfolderSpec = 0;
			files = (
			);
			runOnlyForDeploymentPostprocessing = 1;
		};
		517A68371F8FC96100A5B6CF /* CopyFiles */ = {
			isa = PBXCopyFilesBuildPhase;
			buildActionMask = 2147483647;
			dstPath = /usr/share/man/man1/;
			dstSubfolderSpec = 0;
			files = (
			);
			runOnlyForDeploymentPostprocessing = 1;
		};
		51A4F7331FB1DD6B004A1FDD /* CopyFiles */ = {
			isa = PBXCopyFilesBuildPhase;
			buildActionMask = 2147483647;
			dstPath = /usr/share/man/man1/;
			dstSubfolderSpec = 0;
			files = (
			);
			runOnlyForDeploymentPostprocessing = 1;
		};
		51AA86F21FBDD683005FDDB7 /* CopyFiles */ = {
			isa = PBXCopyFilesBuildPhase;
			buildActionMask = 2147483647;
			dstPath = /usr/share/man/man1/;
			dstSubfolderSpec = 0;
			files = (
			);
			runOnlyForDeploymentPostprocessing = 1;
		};
		51BAA7881F9F5B6F00576AA4 /* CopyFiles */ = {
			isa = PBXCopyFilesBuildPhase;
			buildActionMask = 2147483647;
			dstPath = /usr/share/man/man1/;
			dstSubfolderSpec = 0;
			files = (
			);
			runOnlyForDeploymentPostprocessing = 1;
		};
		51BAA7981FA1C47F00576AA4 /* CopyFiles */ = {
			isa = PBXCopyFilesBuildPhase;
			buildActionMask = 2147483647;
			dstPath = /usr/share/man/man1/;
			dstSubfolderSpec = 0;
			files = (
			);
			runOnlyForDeploymentPostprocessing = 1;
		};
		51C28EB91FB4467C0094DB37 /* CopyFiles */ = {
			isa = PBXCopyFilesBuildPhase;
			buildActionMask = 2147483647;
			dstPath = /usr/share/man/man1/;
			dstSubfolderSpec = 0;
			files = (
			);
			runOnlyForDeploymentPostprocessing = 1;
		};
		51C821141F9621680089BDBE /* CopyFiles */ = {
			isa = PBXCopyFilesBuildPhase;
			buildActionMask = 2147483647;
			dstPath = /usr/share/man/man1/;
			dstSubfolderSpec = 0;
			files = (
			);
			runOnlyForDeploymentPostprocessing = 1;
		};
		51C821231F9898160089BDBE /* CopyFiles */ = {
			isa = PBXCopyFilesBuildPhase;
			buildActionMask = 2147483647;
			dstPath = /usr/share/man/man1/;
			dstSubfolderSpec = 0;
			files = (
			);
			runOnlyForDeploymentPostprocessing = 1;
		};
/* End PBXCopyFilesBuildPhase section */

/* Begin PBXFileReference section */
		51048E7A1FCD8DF000F5AF2D /* kernel_template.cl */ = {isa = PBXFileReference; fileEncoding = 4; lastKnownFileType = sourcecode.opencl; path = kernel_template.cl; sourceTree = "<group>"; };
		51048E7B1FCD8DF000F5AF2D /* template.cpp */ = {isa = PBXFileReference; fileEncoding = 4; lastKnownFileType = sourcecode.cpp.cpp; path = template.cpp; sourceTree = "<group>"; };
		511581391FCFFCB30050F3FF /* scalarProduct.cu */ = {isa = PBXFileReference; lastKnownFileType = text; path = scalarProduct.cu; sourceTree = "<group>"; xcLanguageSpecificationIdentifier = xcode.lang.c; };
		511D11B81FAB0C98008E9A22 /* Predavanje5 */ = {isa = PBXFileReference; explicitFileType = "compiled.mach-o.executable"; includeInIndex = 0; path = Predavanje5; sourceTree = BUILT_PRODUCTS_DIR; };
		511D11BA1FAB0C98008E9A22 /* main.c */ = {isa = PBXFileReference; lastKnownFileType = sourcecode.c.c; path = main.c; sourceTree = "<group>"; };
		512455651FBD8865008D4D3F /* getdevprop.cu */ = {isa = PBXFileReference; lastKnownFileType = text; path = getdevprop.cu; sourceTree = "<group>"; xcLanguageSpecificationIdentifier = xcode.lang.c; };
		515FD7AC1FBDA08C0082488E /* vectorAddSerial.cu */ = {isa = PBXFileReference; lastKnownFileType = text; path = vectorAddSerial.cu; sourceTree = "<group>"; xcLanguageSpecificationIdentifier = xcode.lang.c; };
		517A68231F8FA0D300A5B6CF /* VPSA */ = {isa = PBXFileReference; explicitFileType = "compiled.mach-o.executable"; includeInIndex = 0; path = VPSA; sourceTree = BUILT_PRODUCTS_DIR; };
		517A68311F8FA0FE00A5B6CF /* predavanje_2.c */ = {isa = PBXFileReference; lastKnownFileType = sourcecode.c.c; path = predavanje_2.c; sourceTree = "<group>"; };
		517A68391F8FC96100A5B6CF /* Naloga1 */ = {isa = PBXFileReference; explicitFileType = "compiled.mach-o.executable"; includeInIndex = 0; path = Naloga1; sourceTree = BUILT_PRODUCTS_DIR; };
		517A683B1F8FC96100A5B6CF /* main.c */ = {isa = PBXFileReference; lastKnownFileType = sourcecode.c.c; path = main.c; sourceTree = "<group>"; };
		51A4F7351FB1DD6B004A1FDD /* Naloga4 */ = {isa = PBXFileReference; explicitFileType = "compiled.mach-o.executable"; includeInIndex = 0; path = Naloga4; sourceTree = BUILT_PRODUCTS_DIR; };
		51A4F7371FB1DD6B004A1FDD /* main.c */ = {isa = PBXFileReference; lastKnownFileType = sourcecode.c.c; path = main.c; sourceTree = "<group>"; };
		51AA86F41FBDD683005FDDB7 /* Naloga5 */ = {isa = PBXFileReference; explicitFileType = "compiled.mach-o.executable"; includeInIndex = 0; path = Naloga5; sourceTree = BUILT_PRODUCTS_DIR; };
		51AA86F61FBDD683005FDDB7 /* main.c */ = {isa = PBXFileReference; lastKnownFileType = sourcecode.c.c; path = main.c; sourceTree = "<group>"; };
		51BAA78A1F9F5B6F00576AA4 /* Naloga3 */ = {isa = PBXFileReference; explicitFileType = "compiled.mach-o.executable"; includeInIndex = 0; path = Naloga3; sourceTree = BUILT_PRODUCTS_DIR; };
		51BAA78C1F9F5B6F00576AA4 /* main.c */ = {isa = PBXFileReference; lastKnownFileType = sourcecode.c.c; path = main.c; sourceTree = "<group>"; };
		51BAA7921F9F6C9D00576AA4 /* pthread_barrier.h */ = {isa = PBXFileReference; lastKnownFileType = sourcecode.c.h; name = pthread_barrier.h; path = ../../../../Desktop/pthread_barrier.h; sourceTree = "<group>"; };
		51BAA7941F9F6DA700576AA4 /* pthread_barrier.c */ = {isa = PBXFileReference; lastKnownFileType = sourcecode.c.c; name = pthread_barrier.c; path = ../../../../Desktop/pthread_barrier.c; sourceTree = "<group>"; };
		51BAA79A1FA1C47F00576AA4 /* Predavanje4 */ = {isa = PBXFileReference; explicitFileType = "compiled.mach-o.executable"; includeInIndex = 0; path = Predavanje4; sourceTree = BUILT_PRODUCTS_DIR; };
		51BAA79C1FA1C47F00576AA4 /* main.c */ = {isa = PBXFileReference; lastKnownFileType = sourcecode.c.c; path = main.c; sourceTree = "<group>"; };
		51C28EBB1FB4467C0094DB37 /* Predavanje6 */ = {isa = PBXFileReference; explicitFileType = "compiled.mach-o.executable"; includeInIndex = 0; path = Predavanje6; sourceTree = BUILT_PRODUCTS_DIR; };
		51C28EBD1FB4467C0094DB37 /* main.c */ = {isa = PBXFileReference; lastKnownFileType = sourcecode.c.c; path = main.c; sourceTree = "<group>"; };
		51C28EC21FB46B830094DB37 /* cuda.cu */ = {isa = PBXFileReference; lastKnownFileType = text; path = cuda.cu; sourceTree = "<group>"; };
		51C821161F9621680089BDBE /* Naloga2 */ = {isa = PBXFileReference; explicitFileType = "compiled.mach-o.executable"; includeInIndex = 0; path = Naloga2; sourceTree = BUILT_PRODUCTS_DIR; };
		51C8211F1F962E2E0089BDBE /* serverLinux.cpp */ = {isa = PBXFileReference; fileEncoding = 4; lastKnownFileType = sourcecode.cpp.cpp; path = serverLinux.cpp; sourceTree = "<group>"; };
		51C821251F9898160089BDBE /* Predavanje3 */ = {isa = PBXFileReference; explicitFileType = "compiled.mach-o.executable"; includeInIndex = 0; path = Predavanje3; sourceTree = BUILT_PRODUCTS_DIR; };
		51C821271F9898160089BDBE /* main.c */ = {isa = PBXFileReference; lastKnownFileType = sourcecode.c.c; path = main.c; sourceTree = "<group>"; };
		51DC10B51FC45AB1000A919C /* kernel.cl */ = {isa = PBXFileReference; fileEncoding = 4; lastKnownFileType = sourcecode.opencl; path = kernel.cl; sourceTree = "<group>"; };
		51DC10B61FC45AB2000A919C /* pgm.h */ = {isa = PBXFileReference; fileEncoding = 4; lastKnownFileType = sourcecode.c.h; path = pgm.h; sourceTree = "<group>"; };
		51DC10B71FC45AB2000A919C /* main.cpp */ = {isa = PBXFileReference; fileEncoding = 4; lastKnownFileType = sourcecode.cpp.cpp; path = main.cpp; sourceTree = "<group>"; };
		51DC10B81FC45AB2000A919C /* mandelbrot.cpp */ = {isa = PBXFileReference; fileEncoding = 4; lastKnownFileType = sourcecode.cpp.cpp; path = mandelbrot.cpp; sourceTree = "<group>"; };
/* End PBXFileReference section */

/* Begin PBXFrameworksBuildPhase section */
		511D11B51FAB0C98008E9A22 /* Frameworks */ = {
			isa = PBXFrameworksBuildPhase;
			buildActionMask = 2147483647;
			files = (
			);
			runOnlyForDeploymentPostprocessing = 0;
		};
		517A68201F8FA0D300A5B6CF /* Frameworks */ = {
			isa = PBXFrameworksBuildPhase;
			buildActionMask = 2147483647;
			files = (
				51BAA7951F9F6DA700576AA4 /* pthread_barrier.c in Frameworks */,
			);
			runOnlyForDeploymentPostprocessing = 0;
		};
		517A68361F8FC96100A5B6CF /* Frameworks */ = {
			isa = PBXFrameworksBuildPhase;
			buildActionMask = 2147483647;
			files = (
			);
			runOnlyForDeploymentPostprocessing = 0;
		};
		51A4F7321FB1DD6B004A1FDD /* Frameworks */ = {
			isa = PBXFrameworksBuildPhase;
			buildActionMask = 2147483647;
			files = (
			);
			runOnlyForDeploymentPostprocessing = 0;
		};
		51AA86F11FBDD683005FDDB7 /* Frameworks */ = {
			isa = PBXFrameworksBuildPhase;
			buildActionMask = 2147483647;
			files = (
			);
			runOnlyForDeploymentPostprocessing = 0;
		};
		51BAA7871F9F5B6F00576AA4 /* Frameworks */ = {
			isa = PBXFrameworksBuildPhase;
			buildActionMask = 2147483647;
			files = (
			);
			runOnlyForDeploymentPostprocessing = 0;
		};
		51BAA7971FA1C47F00576AA4 /* Frameworks */ = {
			isa = PBXFrameworksBuildPhase;
			buildActionMask = 2147483647;
			files = (
			);
			runOnlyForDeploymentPostprocessing = 0;
		};
		51C28EB81FB4467C0094DB37 /* Frameworks */ = {
			isa = PBXFrameworksBuildPhase;
			buildActionMask = 2147483647;
			files = (
			);
			runOnlyForDeploymentPostprocessing = 0;
		};
		51C821131F9621680089BDBE /* Frameworks */ = {
			isa = PBXFrameworksBuildPhase;
			buildActionMask = 2147483647;
			files = (
			);
			runOnlyForDeploymentPostprocessing = 0;
		};
		51C821221F9898160089BDBE /* Frameworks */ = {
			isa = PBXFrameworksBuildPhase;
			buildActionMask = 2147483647;
			files = (
			);
			runOnlyForDeploymentPostprocessing = 0;
		};
/* End PBXFrameworksBuildPhase section */

/* Begin PBXGroup section */
		511D11B91FAB0C98008E9A22 /* Predavanje5 */ = {
			isa = PBXGroup;
			children = (
				511D11BA1FAB0C98008E9A22 /* main.c */,
			);
			path = Predavanje5;
			sourceTree = "<group>";
		};
		512455641FBD8844008D4D3F /* Cuda */ = {
			isa = PBXGroup;
			children = (
				51C28EC21FB46B830094DB37 /* cuda.cu */,
				512455651FBD8865008D4D3F /* getdevprop.cu */,
				515FD7AC1FBDA08C0082488E /* vectorAddSerial.cu */,
				511581391FCFFCB30050F3FF /* scalarProduct.cu */,
			);
			path = Cuda;
			sourceTree = "<group>";
		};
		517A681A1F8FA0D200A5B6CF = {
			isa = PBXGroup;
			children = (
				517A68251F8FA0D300A5B6CF /* VPSA */,
				517A68241F8FA0D300A5B6CF /* Products */,
				51BAA7911F9F6C9D00576AA4 /* Frameworks */,
			);
			sourceTree = "<group>";
		};
		517A68241F8FA0D300A5B6CF /* Products */ = {
			isa = PBXGroup;
			children = (
				517A68231F8FA0D300A5B6CF /* VPSA */,
				517A68391F8FC96100A5B6CF /* Naloga1 */,
				51C821161F9621680089BDBE /* Naloga2 */,
				51C821251F9898160089BDBE /* Predavanje3 */,
				51BAA78A1F9F5B6F00576AA4 /* Naloga3 */,
				51BAA79A1FA1C47F00576AA4 /* Predavanje4 */,
				511D11B81FAB0C98008E9A22 /* Predavanje5 */,
				51A4F7351FB1DD6B004A1FDD /* Naloga4 */,
				51C28EBB1FB4467C0094DB37 /* Predavanje6 */,
				51AA86F41FBDD683005FDDB7 /* Naloga5 */,
			);
			name = Products;
			sourceTree = "<group>";
		};
		517A68251F8FA0D300A5B6CF /* VPSA */ = {
			isa = PBXGroup;
			children = (
				517A682F1F8FA0E700A5B6CF /* Vaje */,
				517A682E1F8FA0E300A5B6CF /* Naloge */,
				517A682D1F8FA0DA00A5B6CF /* Predavanja */,
			);
			path = VPSA;
			sourceTree = "<group>";
		};
		517A682D1F8FA0DA00A5B6CF /* Predavanja */ = {
			isa = PBXGroup;
			children = (
				512455641FBD8844008D4D3F /* Cuda */,
				51C28EBC1FB4467C0094DB37 /* Predavanje6 */,
				511D11B91FAB0C98008E9A22 /* Predavanje5 */,
				51BAA79B1FA1C47F00576AA4 /* Predavanje4 */,
				51C821261F9898160089BDBE /* Predavanje3 */,
				517A68311F8FA0FE00A5B6CF /* predavanje_2.c */,
			);
			path = Predavanja;
			sourceTree = "<group>";
		};
		517A682E1F8FA0E300A5B6CF /* Naloge */ = {
			isa = PBXGroup;
			children = (
				51DC10B41FC45A41000A919C /* Naloga6 */,
				51AA86F51FBDD683005FDDB7 /* Naloga5 */,
				51A4F7361FB1DD6B004A1FDD /* Naloga4 */,
				51BAA78B1F9F5B6F00576AA4 /* Naloga3 */,
				51C821171F9621680089BDBE /* Naloga2 */,
				517A683A1F8FC96100A5B6CF /* Naloga1 */,
			);
			path = Naloge;
			sourceTree = "<group>";
		};
		517A682F1F8FA0E700A5B6CF /* Vaje */ = {
			isa = PBXGroup;
			children = (
			);
			path = Vaje;
			sourceTree = "<group>";
		};
		517A683A1F8FC96100A5B6CF /* Naloga1 */ = {
			isa = PBXGroup;
			children = (
				517A683B1F8FC96100A5B6CF /* main.c */,
			);
			path = Naloga1;
			sourceTree = "<group>";
		};
		51A4F7361FB1DD6B004A1FDD /* Naloga4 */ = {
			isa = PBXGroup;
			children = (
				51A4F7371FB1DD6B004A1FDD /* main.c */,
			);
			path = Naloga4;
			sourceTree = "<group>";
		};
		51AA86F51FBDD683005FDDB7 /* Naloga5 */ = {
			isa = PBXGroup;
			children = (
				51AA86F61FBDD683005FDDB7 /* main.c */,
			);
			path = Naloga5;
			sourceTree = "<group>";
		};
		51BAA78B1F9F5B6F00576AA4 /* Naloga3 */ = {
			isa = PBXGroup;
			children = (
				51BAA78C1F9F5B6F00576AA4 /* main.c */,
			);
			path = Naloga3;
			sourceTree = "<group>";
		};
		51BAA7911F9F6C9D00576AA4 /* Frameworks */ = {
			isa = PBXGroup;
			children = (
				51BAA7941F9F6DA700576AA4 /* pthread_barrier.c */,
				51BAA7921F9F6C9D00576AA4 /* pthread_barrier.h */,
			);
			name = Frameworks;
			sourceTree = "<group>";
		};
		51BAA79B1FA1C47F00576AA4 /* Predavanje4 */ = {
			isa = PBXGroup;
			children = (
				51BAA79C1FA1C47F00576AA4 /* main.c */,
			);
			path = Predavanje4;
			sourceTree = "<group>";
		};
		51C28EBC1FB4467C0094DB37 /* Predavanje6 */ = {
			isa = PBXGroup;
			children = (
				51C28EBD1FB4467C0094DB37 /* main.c */,
			);
			path = Predavanje6;
			sourceTree = "<group>";
		};
		51C821171F9621680089BDBE /* Naloga2 */ = {
			isa = PBXGroup;
			children = (
				51C8211F1F962E2E0089BDBE /* serverLinux.cpp */,
			);
			path = Naloga2;
			sourceTree = "<group>";
		};
		51C821261F9898160089BDBE /* Predavanje3 */ = {
			isa = PBXGroup;
			children = (
				51C821271F9898160089BDBE /* main.c */,
			);
			path = Predavanje3;
			sourceTree = "<group>";
		};
		51DC10B41FC45A41000A919C /* Naloga6 */ = {
			isa = PBXGroup;
			children = (
				51048E7A1FCD8DF000F5AF2D /* kernel_template.cl */,
				51048E7B1FCD8DF000F5AF2D /* template.cpp */,
				51DC10B51FC45AB1000A919C /* kernel.cl */,
				51DC10B71FC45AB2000A919C /* main.cpp */,
				51DC10B81FC45AB2000A919C /* mandelbrot.cpp */,
				51DC10B61FC45AB2000A919C /* pgm.h */,
			);
			path = Naloga6;
			sourceTree = "<group>";
		};
/* End PBXGroup section */

/* Begin PBXNativeTarget section */
		511D11B71FAB0C98008E9A22 /* Predavanje5 */ = {
			isa = PBXNativeTarget;
			buildConfigurationList = 511D11BE1FAB0C98008E9A22 /* Build configuration list for PBXNativeTarget "Predavanje5" */;
			buildPhases = (
				511D11B41FAB0C98008E9A22 /* Sources */,
				511D11B51FAB0C98008E9A22 /* Frameworks */,
				511D11B61FAB0C98008E9A22 /* CopyFiles */,
			);
			buildRules = (
			);
			dependencies = (
			);
			name = Predavanje5;
			productName = Predavanje5;
			productReference = 511D11B81FAB0C98008E9A22 /* Predavanje5 */;
			productType = "com.apple.product-type.tool";
		};
		517A68221F8FA0D300A5B6CF /* VPSA */ = {
			isa = PBXNativeTarget;
			buildConfigurationList = 517A682A1F8FA0D300A5B6CF /* Build configuration list for PBXNativeTarget "VPSA" */;
			buildPhases = (
				517A681F1F8FA0D300A5B6CF /* Sources */,
				517A68201F8FA0D300A5B6CF /* Frameworks */,
				517A68211F8FA0D300A5B6CF /* CopyFiles */,
			);
			buildRules = (
			);
			dependencies = (
			);
			name = VPSA;
			productName = VPSA;
			productReference = 517A68231F8FA0D300A5B6CF /* VPSA */;
			productType = "com.apple.product-type.tool";
		};
		517A68381F8FC96100A5B6CF /* Naloga1 */ = {
			isa = PBXNativeTarget;
			buildConfigurationList = 517A683D1F8FC96100A5B6CF /* Build configuration list for PBXNativeTarget "Naloga1" */;
			buildPhases = (
				517A68351F8FC96100A5B6CF /* Sources */,
				517A68361F8FC96100A5B6CF /* Frameworks */,
				517A68371F8FC96100A5B6CF /* CopyFiles */,
			);
			buildRules = (
			);
			dependencies = (
			);
			name = Naloga1;
			productName = Naloga1;
			productReference = 517A68391F8FC96100A5B6CF /* Naloga1 */;
			productType = "com.apple.product-type.tool";
		};
		51A4F7341FB1DD6B004A1FDD /* Naloga4 */ = {
			isa = PBXNativeTarget;
			buildConfigurationList = 51A4F73B1FB1DD6B004A1FDD /* Build configuration list for PBXNativeTarget "Naloga4" */;
			buildPhases = (
				51A4F7311FB1DD6B004A1FDD /* Sources */,
				51A4F7321FB1DD6B004A1FDD /* Frameworks */,
				51A4F7331FB1DD6B004A1FDD /* CopyFiles */,
			);
			buildRules = (
			);
			dependencies = (
			);
			name = Naloga4;
			productName = Naloga4;
			productReference = 51A4F7351FB1DD6B004A1FDD /* Naloga4 */;
			productType = "com.apple.product-type.tool";
		};
		51AA86F31FBDD683005FDDB7 /* Naloga5 */ = {
			isa = PBXNativeTarget;
			buildConfigurationList = 51AA86FA1FBDD683005FDDB7 /* Build configuration list for PBXNativeTarget "Naloga5" */;
			buildPhases = (
				51AA86F01FBDD683005FDDB7 /* Sources */,
				51AA86F11FBDD683005FDDB7 /* Frameworks */,
				51AA86F21FBDD683005FDDB7 /* CopyFiles */,
			);
			buildRules = (
			);
			dependencies = (
			);
			name = Naloga5;
			productName = Naloga5;
			productReference = 51AA86F41FBDD683005FDDB7 /* Naloga5 */;
			productType = "com.apple.product-type.tool";
		};
		51BAA7891F9F5B6F00576AA4 /* Naloga3 */ = {
			isa = PBXNativeTarget;
			buildConfigurationList = 51BAA7901F9F5B6F00576AA4 /* Build configuration list for PBXNativeTarget "Naloga3" */;
			buildPhases = (
				51BAA7861F9F5B6F00576AA4 /* Sources */,
				51BAA7871F9F5B6F00576AA4 /* Frameworks */,
				51BAA7881F9F5B6F00576AA4 /* CopyFiles */,
			);
			buildRules = (
			);
			dependencies = (
			);
			name = Naloga3;
			productName = Naloga3;
			productReference = 51BAA78A1F9F5B6F00576AA4 /* Naloga3 */;
			productType = "com.apple.product-type.tool";
		};
		51BAA7991FA1C47F00576AA4 /* Predavanje4 */ = {
			isa = PBXNativeTarget;
			buildConfigurationList = 51BAA79E1FA1C47F00576AA4 /* Build configuration list for PBXNativeTarget "Predavanje4" */;
			buildPhases = (
				51BAA7961FA1C47F00576AA4 /* Sources */,
				51BAA7971FA1C47F00576AA4 /* Frameworks */,
				51BAA7981FA1C47F00576AA4 /* CopyFiles */,
			);
			buildRules = (
			);
			dependencies = (
			);
			name = Predavanje4;
			productName = Predavanje4;
			productReference = 51BAA79A1FA1C47F00576AA4 /* Predavanje4 */;
			productType = "com.apple.product-type.tool";
		};
		51C28EBA1FB4467C0094DB37 /* Predavanje6 */ = {
			isa = PBXNativeTarget;
			buildConfigurationList = 51C28EC11FB4467C0094DB37 /* Build configuration list for PBXNativeTarget "Predavanje6" */;
			buildPhases = (
				51C28EB71FB4467C0094DB37 /* Sources */,
				51C28EB81FB4467C0094DB37 /* Frameworks */,
				51C28EB91FB4467C0094DB37 /* CopyFiles */,
			);
			buildRules = (
			);
			dependencies = (
			);
			name = Predavanje6;
			productName = Predavanje6;
			productReference = 51C28EBB1FB4467C0094DB37 /* Predavanje6 */;
			productType = "com.apple.product-type.tool";
		};
		51C821151F9621680089BDBE /* Naloga2 */ = {
			isa = PBXNativeTarget;
			buildConfigurationList = 51C8211C1F9621680089BDBE /* Build configuration list for PBXNativeTarget "Naloga2" */;
			buildPhases = (
				51C821121F9621680089BDBE /* Sources */,
				51C821131F9621680089BDBE /* Frameworks */,
				51C821141F9621680089BDBE /* CopyFiles */,
			);
			buildRules = (
			);
			dependencies = (
			);
			name = Naloga2;
			productName = Naloga2;
			productReference = 51C821161F9621680089BDBE /* Naloga2 */;
			productType = "com.apple.product-type.tool";
		};
		51C821241F9898160089BDBE /* Predavanje3 */ = {
			isa = PBXNativeTarget;
			buildConfigurationList = 51C821291F9898160089BDBE /* Build configuration list for PBXNativeTarget "Predavanje3" */;
			buildPhases = (
				51C821211F9898160089BDBE /* Sources */,
				51C821221F9898160089BDBE /* Frameworks */,
				51C821231F9898160089BDBE /* CopyFiles */,
			);
			buildRules = (
			);
			dependencies = (
			);
			name = Predavanje3;
			productName = Predavanje3;
			productReference = 51C821251F9898160089BDBE /* Predavanje3 */;
			productType = "com.apple.product-type.tool";
		};
/* End PBXNativeTarget section */

/* Begin PBXProject section */
		517A681B1F8FA0D200A5B6CF /* Project object */ = {
			isa = PBXProject;
			attributes = {
				KnownAssetTags = (
					New,
				);
				LastUpgradeCheck = 0900;
				ORGANIZATIONNAME = "Ziga Strgar";
				TargetAttributes = {
					511D11B71FAB0C98008E9A22 = {
						CreatedOnToolsVersion = 9.0.1;
						ProvisioningStyle = Automatic;
					};
					517A68221F8FA0D300A5B6CF = {
						CreatedOnToolsVersion = 9.0;
						ProvisioningStyle = Automatic;
					};
					517A68381F8FC96100A5B6CF = {
						CreatedOnToolsVersion = 9.0;
						ProvisioningStyle = Automatic;
					};
					51A4F7341FB1DD6B004A1FDD = {
						CreatedOnToolsVersion = 9.1;
						ProvisioningStyle = Automatic;
					};
					51AA86F31FBDD683005FDDB7 = {
						CreatedOnToolsVersion = 9.1;
						ProvisioningStyle = Automatic;
					};
					51BAA7891F9F5B6F00576AA4 = {
						CreatedOnToolsVersion = 9.0.1;
						ProvisioningStyle = Automatic;
					};
					51BAA7991FA1C47F00576AA4 = {
						CreatedOnToolsVersion = 9.0.1;
						ProvisioningStyle = Automatic;
					};
					51C28EBA1FB4467C0094DB37 = {
						CreatedOnToolsVersion = 9.1;
						ProvisioningStyle = Automatic;
					};
					51C821151F9621680089BDBE = {
						CreatedOnToolsVersion = 9.0.1;
						ProvisioningStyle = Automatic;
					};
					51C821241F9898160089BDBE = {
						CreatedOnToolsVersion = 9.0.1;
						ProvisioningStyle = Automatic;
					};
				};
			};
			buildConfigurationList = 517A681E1F8FA0D200A5B6CF /* Build configuration list for PBXProject "VPSA" */;
			compatibilityVersion = "Xcode 8.0";
			developmentRegion = en;
			hasScannedForEncodings = 0;
			knownRegions = (
				en,
			);
			mainGroup = 517A681A1F8FA0D200A5B6CF;
			productRefGroup = 517A68241F8FA0D300A5B6CF /* Products */;
			projectDirPath = "";
			projectRoot = "";
			targets = (
				517A68221F8FA0D300A5B6CF /* VPSA */,
				517A68381F8FC96100A5B6CF /* Naloga1 */,
				51C821151F9621680089BDBE /* Naloga2 */,
				51C821241F9898160089BDBE /* Predavanje3 */,
				51BAA7891F9F5B6F00576AA4 /* Naloga3 */,
				51BAA7991FA1C47F00576AA4 /* Predavanje4 */,
				511D11B71FAB0C98008E9A22 /* Predavanje5 */,
				51A4F7341FB1DD6B004A1FDD /* Naloga4 */,
				51C28EBA1FB4467C0094DB37 /* Predavanje6 */,
				51AA86F31FBDD683005FDDB7 /* Naloga5 */,
			);
		};
/* End PBXProject section */

/* Begin PBXSourcesBuildPhase section */
		511D11B41FAB0C98008E9A22 /* Sources */ = {
			isa = PBXSourcesBuildPhase;
			buildActionMask = 2147483647;
			files = (
				511D11BB1FAB0C98008E9A22 /* main.c in Sources */,
			);
			runOnlyForDeploymentPostprocessing = 0;
		};
		517A681F1F8FA0D300A5B6CF /* Sources */ = {
			isa = PBXSourcesBuildPhase;
			buildActionMask = 2147483647;
			files = (
				517A68321F8FA0FE00A5B6CF /* predavanje_2.c in Sources */,
				51DC10B91FC45AB2000A919C /* kernel.cl in Sources */,
				51DC10BA1FC45AB2000A919C /* main.cpp in Sources */,
				51048E7C1FCD8DF000F5AF2D /* kernel_template.cl in Sources */,
				51C821201F962E2E0089BDBE /* serverLinux.cpp in Sources */,
				51048E7D1FCD8DF000F5AF2D /* template.cpp in Sources */,
				51DC10BB1FC45AB2000A919C /* mandelbrot.cpp in Sources */,
			);
			runOnlyForDeploymentPostprocessing = 0;
		};
		517A68351F8FC96100A5B6CF /* Sources */ = {
			isa = PBXSourcesBuildPhase;
			buildActionMask = 2147483647;
			files = (
				517A683C1F8FC96100A5B6CF /* main.c in Sources */,
			);
			runOnlyForDeploymentPostprocessing = 0;
		};
		51A4F7311FB1DD6B004A1FDD /* Sources */ = {
			isa = PBXSourcesBuildPhase;
			buildActionMask = 2147483647;
			files = (
				51A4F7381FB1DD6B004A1FDD /* main.c in Sources */,
			);
			runOnlyForDeploymentPostprocessing = 0;
		};
		51AA86F01FBDD683005FDDB7 /* Sources */ = {
			isa = PBXSourcesBuildPhase;
			buildActionMask = 2147483647;
			files = (
				51AA86F71FBDD683005FDDB7 /* main.c in Sources */,
			);
			runOnlyForDeploymentPostprocessing = 0;
		};
		51BAA7861F9F5B6F00576AA4 /* Sources */ = {
			isa = PBXSourcesBuildPhase;
			buildActionMask = 2147483647;
			files = (
				51BAA78D1F9F5B6F00576AA4 /* main.c in Sources */,
			);
			runOnlyForDeploymentPostprocessing = 0;
		};
		51BAA7961FA1C47F00576AA4 /* Sources */ = {
			isa = PBXSourcesBuildPhase;
			buildActionMask = 2147483647;
			files = (
				51BAA79D1FA1C47F00576AA4 /* main.c in Sources */,
			);
			runOnlyForDeploymentPostprocessing = 0;
		};
		51C28EB71FB4467C0094DB37 /* Sources */ = {
			isa = PBXSourcesBuildPhase;
			buildActionMask = 2147483647;
			files = (
				51C28EBE1FB4467C0094DB37 /* main.c in Sources */,
			);
			runOnlyForDeploymentPostprocessing = 0;
		};
		51C821121F9621680089BDBE /* Sources */ = {
			isa = PBXSourcesBuildPhase;
			buildActionMask = 2147483647;
			files = (
			);
			runOnlyForDeploymentPostprocessing = 0;
		};
		51C821211F9898160089BDBE /* Sources */ = {
			isa = PBXSourcesBuildPhase;
			buildActionMask = 2147483647;
			files = (
				51C821281F9898160089BDBE /* main.c in Sources */,
			);
			runOnlyForDeploymentPostprocessing = 0;
		};
/* End PBXSourcesBuildPhase section */

/* Begin XCBuildConfiguration section */
		511D11BC1FAB0C98008E9A22 /* Debug */ = {
			isa = XCBuildConfiguration;
			buildSettings = {
				CODE_SIGN_STYLE = Automatic;
				DEVELOPMENT_TEAM = MP6X64M7KA;
				PRODUCT_NAME = "$(TARGET_NAME)";
			};
			name = Debug;
		};
		511D11BD1FAB0C98008E9A22 /* Release */ = {
			isa = XCBuildConfiguration;
			buildSettings = {
				CODE_SIGN_STYLE = Automatic;
				DEVELOPMENT_TEAM = MP6X64M7KA;
				PRODUCT_NAME = "$(TARGET_NAME)";
			};
			name = Release;
		};
		517A68281F8FA0D300A5B6CF /* Debug */ = {
			isa = XCBuildConfiguration;
			buildSettings = {
				ALWAYS_SEARCH_USER_PATHS = NO;
				CLANG_ANALYZER_NONNULL = YES;
				CLANG_ANALYZER_NUMBER_OBJECT_CONVERSION = YES_AGGRESSIVE;
				CLANG_CXX_LANGUAGE_STANDARD = "gnu++14";
				CLANG_CXX_LIBRARY = "libc++";
				CLANG_ENABLE_MODULES = YES;
				CLANG_ENABLE_OBJC_ARC = YES;
				CLANG_WARN_BLOCK_CAPTURE_AUTORELEASING = YES;
				CLANG_WARN_BOOL_CONVERSION = YES;
				CLANG_WARN_COMMA = YES;
				CLANG_WARN_CONSTANT_CONVERSION = YES;
				CLANG_WARN_DIRECT_OBJC_ISA_USAGE = YES_ERROR;
				CLANG_WARN_DOCUMENTATION_COMMENTS = YES;
				CLANG_WARN_EMPTY_BODY = YES;
				CLANG_WARN_ENUM_CONVERSION = YES;
				CLANG_WARN_INFINITE_RECURSION = YES;
				CLANG_WARN_INT_CONVERSION = YES;
				CLANG_WARN_NON_LITERAL_NULL_CONVERSION = YES;
				CLANG_WARN_OBJC_LITERAL_CONVERSION = YES;
				CLANG_WARN_OBJC_ROOT_CLASS = YES_ERROR;
				CLANG_WARN_RANGE_LOOP_ANALYSIS = YES;
				CLANG_WARN_STRICT_PROTOTYPES = YES;
				CLANG_WARN_SUSPICIOUS_MOVE = YES;
				CLANG_WARN_UNGUARDED_AVAILABILITY = YES_AGGRESSIVE;
				CLANG_WARN_UNREACHABLE_CODE = YES;
				CLANG_WARN__DUPLICATE_METHOD_MATCH = YES;
				CODE_SIGN_IDENTITY = "Mac Developer";
				COPY_PHASE_STRIP = NO;
				DEBUG_INFORMATION_FORMAT = dwarf;
				ENABLE_STRICT_OBJC_MSGSEND = YES;
				ENABLE_TESTABILITY = YES;
				GCC_C_LANGUAGE_STANDARD = gnu11;
				GCC_DYNAMIC_NO_PIC = NO;
				GCC_NO_COMMON_BLOCKS = YES;
				GCC_OPTIMIZATION_LEVEL = 0;
				GCC_PREPROCESSOR_DEFINITIONS = (
					"DEBUG=1",
					"$(inherited)",
				);
				GCC_WARN_64_TO_32_BIT_CONVERSION = YES;
				GCC_WARN_ABOUT_RETURN_TYPE = YES_ERROR;
				GCC_WARN_UNDECLARED_SELECTOR = YES;
				GCC_WARN_UNINITIALIZED_AUTOS = YES_AGGRESSIVE;
				GCC_WARN_UNUSED_FUNCTION = YES;
				GCC_WARN_UNUSED_VARIABLE = YES;
				MACOSX_DEPLOYMENT_TARGET = 10.13;
				MTL_ENABLE_DEBUG_INFO = YES;
				ONLY_ACTIVE_ARCH = YES;
				SDKROOT = macosx;
			};
			name = Debug;
		};
		517A68291F8FA0D300A5B6CF /* Release */ = {
			isa = XCBuildConfiguration;
			buildSettings = {
				ALWAYS_SEARCH_USER_PATHS = NO;
				CLANG_ANALYZER_NONNULL = YES;
				CLANG_ANALYZER_NUMBER_OBJECT_CONVERSION = YES_AGGRESSIVE;
				CLANG_CXX_LANGUAGE_STANDARD = "gnu++14";
				CLANG_CXX_LIBRARY = "libc++";
				CLANG_ENABLE_MODULES = YES;
				CLANG_ENABLE_OBJC_ARC = YES;
				CLANG_WARN_BLOCK_CAPTURE_AUTORELEASING = YES;
				CLANG_WARN_BOOL_CONVERSION = YES;
				CLANG_WARN_COMMA = YES;
				CLANG_WARN_CONSTANT_CONVERSION = YES;
				CLANG_WARN_DIRECT_OBJC_ISA_USAGE = YES_ERROR;
				CLANG_WARN_DOCUMENTATION_COMMENTS = YES;
				CLANG_WARN_EMPTY_BODY = YES;
				CLANG_WARN_ENUM_CONVERSION = YES;
				CLANG_WARN_INFINITE_RECURSION = YES;
				CLANG_WARN_INT_CONVERSION = YES;
				CLANG_WARN_NON_LITERAL_NULL_CONVERSION = YES;
				CLANG_WARN_OBJC_LITERAL_CONVERSION = YES;
				CLANG_WARN_OBJC_ROOT_CLASS = YES_ERROR;
				CLANG_WARN_RANGE_LOOP_ANALYSIS = YES;
				CLANG_WARN_STRICT_PROTOTYPES = YES;
				CLANG_WARN_SUSPICIOUS_MOVE = YES;
				CLANG_WARN_UNGUARDED_AVAILABILITY = YES_AGGRESSIVE;
				CLANG_WARN_UNREACHABLE_CODE = YES;
				CLANG_WARN__DUPLICATE_METHOD_MATCH = YES;
				CODE_SIGN_IDENTITY = "Mac Developer";
				COPY_PHASE_STRIP = NO;
				DEBUG_INFORMATION_FORMAT = "dwarf-with-dsym";
				ENABLE_NS_ASSERTIONS = NO;
				ENABLE_STRICT_OBJC_MSGSEND = YES;
				GCC_C_LANGUAGE_STANDARD = gnu11;
				GCC_NO_COMMON_BLOCKS = YES;
				GCC_WARN_64_TO_32_BIT_CONVERSION = YES;
				GCC_WARN_ABOUT_RETURN_TYPE = YES_ERROR;
				GCC_WARN_UNDECLARED_SELECTOR = YES;
				GCC_WARN_UNINITIALIZED_AUTOS = YES_AGGRESSIVE;
				GCC_WARN_UNUSED_FUNCTION = YES;
				GCC_WARN_UNUSED_VARIABLE = YES;
				MACOSX_DEPLOYMENT_TARGET = 10.13;
				MTL_ENABLE_DEBUG_INFO = NO;
				SDKROOT = macosx;
			};
			name = Release;
		};
		517A682B1F8FA0D300A5B6CF /* Debug */ = {
			isa = XCBuildConfiguration;
			buildSettings = {
				ALWAYS_SEARCH_USER_PATHS = YES;
				CODE_SIGN_STYLE = Automatic;
				DEVELOPMENT_TEAM = MP6X64M7KA;
				GCC_VERSION = "";
				"HEADER_SEARCH_PATHS[arch=*]" = /usr/local/include;
				PRODUCT_NAME = "$(TARGET_NAME)";
				"USER_HEADER_SEARCH_PATHS[arch=*]" = /usr/local/include;
			};
			name = Debug;
		};
		517A682C1F8FA0D300A5B6CF /* Release */ = {
			isa = XCBuildConfiguration;
			buildSettings = {
				ALWAYS_SEARCH_USER_PATHS = YES;
				CODE_SIGN_STYLE = Automatic;
				DEVELOPMENT_TEAM = MP6X64M7KA;
				GCC_VERSION = "";
				"HEADER_SEARCH_PATHS[arch=*]" = /usr/local/include;
				PRODUCT_NAME = "$(TARGET_NAME)";
				"USER_HEADER_SEARCH_PATHS[arch=*]" = /usr/local/incldue;
			};
			name = Release;
		};
		517A683E1F8FC96100A5B6CF /* Debug */ = {
			isa = XCBuildConfiguration;
			buildSettings = {
				CODE_SIGN_STYLE = Automatic;
				DEVELOPMENT_TEAM = MP6X64M7KA;
				PRODUCT_NAME = "$(TARGET_NAME)";
			};
			name = Debug;
		};
		517A683F1F8FC96100A5B6CF /* Release */ = {
			isa = XCBuildConfiguration;
			buildSettings = {
				CODE_SIGN_STYLE = Automatic;
				DEVELOPMENT_TEAM = MP6X64M7KA;
				PRODUCT_NAME = "$(TARGET_NAME)";
			};
			name = Release;
		};
		51A4F7391FB1DD6B004A1FDD /* Debug */ = {
			isa = XCBuildConfiguration;
			buildSettings = {
				CODE_SIGN_STYLE = Automatic;
				DEVELOPMENT_TEAM = MP6X64M7KA;
				PRODUCT_NAME = "$(TARGET_NAME)";
			};
			name = Debug;
		};
		51A4F73A1FB1DD6B004A1FDD /* Release */ = {
			isa = XCBuildConfiguration;
			buildSettings = {
				CODE_SIGN_STYLE = Automatic;
				DEVELOPMENT_TEAM = MP6X64M7KA;
				PRODUCT_NAME = "$(TARGET_NAME)";
			};
			name = Release;
		};
		51AA86F81FBDD683005FDDB7 /* Debug */ = {
			isa = XCBuildConfiguration;
			buildSettings = {
				CODE_SIGN_STYLE = Automatic;
				DEVELOPMENT_TEAM = MP6X64M7KA;
				PRODUCT_NAME = "$(TARGET_NAME)";
			};
			name = Debug;
		};
		51AA86F91FBDD683005FDDB7 /* Release */ = {
			isa = XCBuildConfiguration;
			buildSettings = {
				CODE_SIGN_STYLE = Automatic;
				DEVELOPMENT_TEAM = MP6X64M7KA;
				PRODUCT_NAME = "$(TARGET_NAME)";
			};
			name = Release;
		};
		51BAA78E1F9F5B6F00576AA4 /* Debug */ = {
			isa = XCBuildConfiguration;
			buildSettings = {
				CODE_SIGN_STYLE = Automatic;
				DEVELOPMENT_TEAM = MP6X64M7KA;
				PRODUCT_NAME = "$(TARGET_NAME)";
			};
			name = Debug;
		};
		51BAA78F1F9F5B6F00576AA4 /* Release */ = {
			isa = XCBuildConfiguration;
			buildSettings = {
				CODE_SIGN_STYLE = Automatic;
				DEVELOPMENT_TEAM = MP6X64M7KA;
				PRODUCT_NAME = "$(TARGET_NAME)";
			};
			name = Release;
		};
		51BAA79F1FA1C47F00576AA4 /* Debug */ = {
			isa = XCBuildConfiguration;
			buildSettings = {
				CODE_SIGN_STYLE = Automatic;
				DEVELOPMENT_TEAM = MP6X64M7KA;
				PRODUCT_NAME = "$(TARGET_NAME)";
			};
			name = Debug;
		};
		51BAA7A01FA1C47F00576AA4 /* Release */ = {
			isa = XCBuildConfiguration;
			buildSettings = {
				CODE_SIGN_STYLE = Automatic;
				DEVELOPMENT_TEAM = MP6X64M7KA;
				PRODUCT_NAME = "$(TARGET_NAME)";
			};
			name = Release;
		};
		51C28EBF1FB4467C0094DB37 /* Debug */ = {
			isa = XCBuildConfiguration;
			buildSettings = {
				CODE_SIGN_STYLE = Automatic;
				DEVELOPMENT_TEAM = MP6X64M7KA;
				PRODUCT_NAME = "$(TARGET_NAME)";
			};
			name = Debug;
		};
		51C28EC01FB4467C0094DB37 /* Release */ = {
			isa = XCBuildConfiguration;
			buildSettings = {
				CODE_SIGN_STYLE = Automatic;
				DEVELOPMENT_TEAM = MP6X64M7KA;
				PRODUCT_NAME = "$(TARGET_NAME)";
			};
			name = Release;
		};
		51C8211A1F9621680089BDBE /* Debug */ = {
			isa = XCBuildConfiguration;
			buildSettings = {
				CODE_SIGN_STYLE = Automatic;
				DEVELOPMENT_TEAM = MP6X64M7KA;
				PRODUCT_NAME = "$(TARGET_NAME)";
			};
			name = Debug;
		};
		51C8211B1F9621680089BDBE /* Release */ = {
			isa = XCBuildConfiguration;
			buildSettings = {
				CODE_SIGN_STYLE = Automatic;
				DEVELOPMENT_TEAM = MP6X64M7KA;
				PRODUCT_NAME = "$(TARGET_NAME)";
			};
			name = Release;
		};
		51C8212A1F9898160089BDBE /* Debug */ = {
			isa = XCBuildConfiguration;
			buildSettings = {
				CODE_SIGN_STYLE = Automatic;
				DEVELOPMENT_TEAM = MP6X64M7KA;
				PRODUCT_NAME = "$(TARGET_NAME)";
			};
			name = Debug;
		};
		51C8212B1F9898160089BDBE /* Release */ = {
			isa = XCBuildConfiguration;
			buildSettings = {
				CODE_SIGN_STYLE = Automatic;
				DEVELOPMENT_TEAM = MP6X64M7KA;
				PRODUCT_NAME = "$(TARGET_NAME)";
			};
			name = Release;
		};
/* End XCBuildConfiguration section */

/* Begin XCConfigurationList section */
		511D11BE1FAB0C98008E9A22 /* Build configuration list for PBXNativeTarget "Predavanje5" */ = {
			isa = XCConfigurationList;
			buildConfigurations = (
				511D11BC1FAB0C98008E9A22 /* Debug */,
				511D11BD1FAB0C98008E9A22 /* Release */,
			);
			defaultConfigurationIsVisible = 0;
			defaultConfigurationName = Release;
		};
		517A681E1F8FA0D200A5B6CF /* Build configuration list for PBXProject "VPSA" */ = {
			isa = XCConfigurationList;
			buildConfigurations = (
				517A68281F8FA0D300A5B6CF /* Debug */,
				517A68291F8FA0D300A5B6CF /* Release */,
			);
			defaultConfigurationIsVisible = 0;
			defaultConfigurationName = Release;
		};
		517A682A1F8FA0D300A5B6CF /* Build configuration list for PBXNativeTarget "VPSA" */ = {
			isa = XCConfigurationList;
			buildConfigurations = (
				517A682B1F8FA0D300A5B6CF /* Debug */,
				517A682C1F8FA0D300A5B6CF /* Release */,
			);
			defaultConfigurationIsVisible = 0;
			defaultConfigurationName = Release;
		};
		517A683D1F8FC96100A5B6CF /* Build configuration list for PBXNativeTarget "Naloga1" */ = {
			isa = XCConfigurationList;
			buildConfigurations = (
				517A683E1F8FC96100A5B6CF /* Debug */,
				517A683F1F8FC96100A5B6CF /* Release */,
			);
			defaultConfigurationIsVisible = 0;
			defaultConfigurationName = Release;
		};
		51A4F73B1FB1DD6B004A1FDD /* Build configuration list for PBXNativeTarget "Naloga4" */ = {
			isa = XCConfigurationList;
			buildConfigurations = (
				51A4F7391FB1DD6B004A1FDD /* Debug */,
				51A4F73A1FB1DD6B004A1FDD /* Release */,
			);
			defaultConfigurationIsVisible = 0;
			defaultConfigurationName = Release;
		};
		51AA86FA1FBDD683005FDDB7 /* Build configuration list for PBXNativeTarget "Naloga5" */ = {
			isa = XCConfigurationList;
			buildConfigurations = (
				51AA86F81FBDD683005FDDB7 /* Debug */,
				51AA86F91FBDD683005FDDB7 /* Release */,
			);
			defaultConfigurationIsVisible = 0;
			defaultConfigurationName = Release;
		};
		51BAA7901F9F5B6F00576AA4 /* Build configuration list for PBXNativeTarget "Naloga3" */ = {
			isa = XCConfigurationList;
			buildConfigurations = (
				51BAA78E1F9F5B6F00576AA4 /* Debug */,
				51BAA78F1F9F5B6F00576AA4 /* Release */,
			);
			defaultConfigurationIsVisible = 0;
			defaultConfigurationName = Release;
		};
		51BAA79E1FA1C47F00576AA4 /* Build configuration list for PBXNativeTarget "Predavanje4" */ = {
			isa = XCConfigurationList;
			buildConfigurations = (
				51BAA79F1FA1C47F00576AA4 /* Debug */,
				51BAA7A01FA1C47F00576AA4 /* Release */,
			);
			defaultConfigurationIsVisible = 0;
			defaultConfigurationName = Release;
		};
		51C28EC11FB4467C0094DB37 /* Build configuration list for PBXNativeTarget "Predavanje6" */ = {
			isa = XCConfigurationList;
			buildConfigurations = (
				51C28EBF1FB4467C0094DB37 /* Debug */,
				51C28EC01FB4467C0094DB37 /* Release */,
			);
			defaultConfigurationIsVisible = 0;
			defaultConfigurationName = Release;
		};
		51C8211C1F9621680089BDBE /* Build configuration list for PBXNativeTarget "Naloga2" */ = {
			isa = XCConfigurationList;
			buildConfigurations = (
				51C8211A1F9621680089BDBE /* Debug */,
				51C8211B1F9621680089BDBE /* Release */,
			);
			defaultConfigurationIsVisible = 0;
			defaultConfigurationName = Release;
		};
		51C821291F9898160089BDBE /* Build configuration list for PBXNativeTarget "Predavanje3" */ = {
			isa = XCConfigurationList;
			buildConfigurations = (
				51C8212A1F9898160089BDBE /* Debug */,
				51C8212B1F9898160089BDBE /* Release */,
			);
			defaultConfigurationIsVisible = 0;
			defaultConfigurationName = Release;
		};
/* End XCConfigurationList section */
	};
	rootObject = 517A681B1F8FA0D200A5B6CF /* Project object */;
}
