// !$*UTF8*$!
{
	archiveVersion = 1;
	classes = {
	};
	objectVersion = 48;
	objects = {

/* Begin PBXBuildFile section */
		517A68321F8FA0FE00A5B6CF /* predavanje_2.c in Sources */ = {isa = PBXBuildFile; fileRef = 517A68311F8FA0FE00A5B6CF /* predavanje_2.c */; };
		517A683C1F8FC96100A5B6CF /* main.c in Sources */ = {isa = PBXBuildFile; fileRef = 517A683B1F8FC96100A5B6CF /* main.c */; };
		51C821191F9621680089BDBE /* main.c in Sources */ = {isa = PBXBuildFile; fileRef = 51C821181F9621680089BDBE /* main.c */; };
		51C821201F962E2E0089BDBE /* serverLinux.cpp in Sources */ = {isa = PBXBuildFile; fileRef = 51C8211F1F962E2E0089BDBE /* serverLinux.cpp */; };
		51C821281F9898160089BDBE /* main.c in Sources */ = {isa = PBXBuildFile; fileRef = 51C821271F9898160089BDBE /* main.c */; };
/* End PBXBuildFile section */

/* Begin PBXCopyFilesBuildPhase section */
		517A68211F8FA0D300A5B6CF /* CopyFiles */ = {
			isa = PBXCopyFilesBuildPhase;
			buildActionMask = 2147483647;
			dstPath = /usr/share/man/man1/;
			dstSubfolderSpec = 0;
			files = (
			);
			runOnlyForDeploymentPostprocessing = 1;
		};
		517A68371F8FC96100A5B6CF /* CopyFiles */ = {
			isa = PBXCopyFilesBuildPhase;
			buildActionMask = 2147483647;
			dstPath = /usr/share/man/man1/;
			dstSubfolderSpec = 0;
			files = (
			);
			runOnlyForDeploymentPostprocessing = 1;
		};
		51C821141F9621680089BDBE /* CopyFiles */ = {
			isa = PBXCopyFilesBuildPhase;
			buildActionMask = 2147483647;
			dstPath = /usr/share/man/man1/;
			dstSubfolderSpec = 0;
			files = (
			);
			runOnlyForDeploymentPostprocessing = 1;
		};
		51C821231F9898160089BDBE /* CopyFiles */ = {
			isa = PBXCopyFilesBuildPhase;
			buildActionMask = 2147483647;
			dstPath = /usr/share/man/man1/;
			dstSubfolderSpec = 0;
			files = (
			);
			runOnlyForDeploymentPostprocessing = 1;
		};
/* End PBXCopyFilesBuildPhase section */

/* Begin PBXFileReference section */
		517A68231F8FA0D300A5B6CF /* VPSA */ = {isa = PBXFileReference; explicitFileType = "compiled.mach-o.executable"; includeInIndex = 0; path = VPSA; sourceTree = BUILT_PRODUCTS_DIR; };
		517A68311F8FA0FE00A5B6CF /* predavanje_2.c */ = {isa = PBXFileReference; lastKnownFileType = sourcecode.c.c; path = predavanje_2.c; sourceTree = "<group>"; };
		517A68391F8FC96100A5B6CF /* Naloga1 */ = {isa = PBXFileReference; explicitFileType = "compiled.mach-o.executable"; includeInIndex = 0; path = Naloga1; sourceTree = BUILT_PRODUCTS_DIR; };
		517A683B1F8FC96100A5B6CF /* main.c */ = {isa = PBXFileReference; lastKnownFileType = sourcecode.c.c; path = main.c; sourceTree = "<group>"; };
		51C821161F9621680089BDBE /* Naloga2 */ = {isa = PBXFileReference; explicitFileType = "compiled.mach-o.executable"; includeInIndex = 0; path = Naloga2; sourceTree = BUILT_PRODUCTS_DIR; };
		51C821181F9621680089BDBE /* main.c */ = {isa = PBXFileReference; lastKnownFileType = sourcecode.c.c; path = main.c; sourceTree = "<group>"; };
		51C8211F1F962E2E0089BDBE /* serverLinux.cpp */ = {isa = PBXFileReference; fileEncoding = 4; lastKnownFileType = sourcecode.cpp.cpp; path = serverLinux.cpp; sourceTree = "<group>"; };
		51C821251F9898160089BDBE /* Predavanje3 */ = {isa = PBXFileReference; explicitFileType = "compiled.mach-o.executable"; includeInIndex = 0; path = Predavanje3; sourceTree = BUILT_PRODUCTS_DIR; };
		51C821271F9898160089BDBE /* main.c */ = {isa = PBXFileReference; lastKnownFileType = sourcecode.c.c; path = main.c; sourceTree = "<group>"; };
/* End PBXFileReference section */

/* Begin PBXFrameworksBuildPhase section */
		517A68201F8FA0D300A5B6CF /* Frameworks */ = {
			isa = PBXFrameworksBuildPhase;
			buildActionMask = 2147483647;
			files = (
			);
			runOnlyForDeploymentPostprocessing = 0;
		};
		517A68361F8FC96100A5B6CF /* Frameworks */ = {
			isa = PBXFrameworksBuildPhase;
			buildActionMask = 2147483647;
			files = (
			);
			runOnlyForDeploymentPostprocessing = 0;
		};
		51C821131F9621680089BDBE /* Frameworks */ = {
			isa = PBXFrameworksBuildPhase;
			buildActionMask = 2147483647;
			files = (
			);
			runOnlyForDeploymentPostprocessing = 0;
		};
		51C821221F9898160089BDBE /* Frameworks */ = {
			isa = PBXFrameworksBuildPhase;
			buildActionMask = 2147483647;
			files = (
			);
			runOnlyForDeploymentPostprocessing = 0;
		};
/* End PBXFrameworksBuildPhase section */

/* Begin PBXGroup section */
		517A681A1F8FA0D200A5B6CF = {
			isa = PBXGroup;
			children = (
				517A68251F8FA0D300A5B6CF /* VPSA */,
				517A68241F8FA0D300A5B6CF /* Products */,
			);
			sourceTree = "<group>";
		};
		517A68241F8FA0D300A5B6CF /* Products */ = {
			isa = PBXGroup;
			children = (
				517A68231F8FA0D300A5B6CF /* VPSA */,
				517A68391F8FC96100A5B6CF /* Naloga1 */,
				51C821161F9621680089BDBE /* Naloga2 */,
				51C821251F9898160089BDBE /* Predavanje3 */,
			);
			name = Products;
			sourceTree = "<group>";
		};
		517A68251F8FA0D300A5B6CF /* VPSA */ = {
			isa = PBXGroup;
			children = (
				517A682F1F8FA0E700A5B6CF /* Vaje */,
				517A682E1F8FA0E300A5B6CF /* Naloge */,
				517A682D1F8FA0DA00A5B6CF /* Predavanja */,
			);
			path = VPSA;
			sourceTree = "<group>";
		};
		517A682D1F8FA0DA00A5B6CF /* Predavanja */ = {
			isa = PBXGroup;
			children = (
				51C821261F9898160089BDBE /* Predavanje3 */,
				517A68311F8FA0FE00A5B6CF /* predavanje_2.c */,
			);
			path = Predavanja;
			sourceTree = "<group>";
		};
		517A682E1F8FA0E300A5B6CF /* Naloge */ = {
			isa = PBXGroup;
			children = (
				51C821171F9621680089BDBE /* Naloga2 */,
				517A683A1F8FC96100A5B6CF /* Naloga1 */,
			);
			path = Naloge;
			sourceTree = "<group>";
		};
		517A682F1F8FA0E700A5B6CF /* Vaje */ = {
			isa = PBXGroup;
			children = (
			);
			path = Vaje;
			sourceTree = "<group>";
		};
		517A683A1F8FC96100A5B6CF /* Naloga1 */ = {
			isa = PBXGroup;
			children = (
				517A683B1F8FC96100A5B6CF /* main.c */,
			);
			path = Naloga1;
			sourceTree = "<group>";
		};
		51C821171F9621680089BDBE /* Naloga2 */ = {
			isa = PBXGroup;
			children = (
				51C8211F1F962E2E0089BDBE /* serverLinux.cpp */,
				51C821181F9621680089BDBE /* main.c */,
			);
			path = Naloga2;
			sourceTree = "<group>";
		};
		51C821261F9898160089BDBE /* Predavanje3 */ = {
			isa = PBXGroup;
			children = (
				51C821271F9898160089BDBE /* main.c */,
			);
			path = Predavanje3;
			sourceTree = "<group>";
		};
/* End PBXGroup section */

/* Begin PBXNativeTarget section */
		517A68221F8FA0D300A5B6CF /* VPSA */ = {
			isa = PBXNativeTarget;
			buildConfigurationList = 517A682A1F8FA0D300A5B6CF /* Build configuration list for PBXNativeTarget "VPSA" */;
			buildPhases = (
				517A681F1F8FA0D300A5B6CF /* Sources */,
				517A68201F8FA0D300A5B6CF /* Frameworks */,
				517A68211F8FA0D300A5B6CF /* CopyFiles */,
			);
			buildRules = (
			);
			dependencies = (
			);
			name = VPSA;
			productName = VPSA;
			productReference = 517A68231F8FA0D300A5B6CF /* VPSA */;
			productType = "com.apple.product-type.tool";
		};
		517A68381F8FC96100A5B6CF /* Naloga1 */ = {
			isa = PBXNativeTarget;
			buildConfigurationList = 517A683D1F8FC96100A5B6CF /* Build configuration list for PBXNativeTarget "Naloga1" */;
			buildPhases = (
				517A68351F8FC96100A5B6CF /* Sources */,
				517A68361F8FC96100A5B6CF /* Frameworks */,
				517A68371F8FC96100A5B6CF /* CopyFiles */,
			);
			buildRules = (
			);
			dependencies = (
			);
			name = Naloga1;
			productName = Naloga1;
			productReference = 517A68391F8FC96100A5B6CF /* Naloga1 */;
			productType = "com.apple.product-type.tool";
		};
		51C821151F9621680089BDBE /* Naloga2 */ = {
			isa = PBXNativeTarget;
			buildConfigurationList = 51C8211C1F9621680089BDBE /* Build configuration list for PBXNativeTarget "Naloga2" */;
			buildPhases = (
				51C821121F9621680089BDBE /* Sources */,
				51C821131F9621680089BDBE /* Frameworks */,
				51C821141F9621680089BDBE /* CopyFiles */,
			);
			buildRules = (
			);
			dependencies = (
			);
			name = Naloga2;
			productName = Naloga2;
			productReference = 51C821161F9621680089BDBE /* Naloga2 */;
			productType = "com.apple.product-type.tool";
		};
		51C821241F9898160089BDBE /* Predavanje3 */ = {
			isa = PBXNativeTarget;
			buildConfigurationList = 51C821291F9898160089BDBE /* Build configuration list for PBXNativeTarget "Predavanje3" */;
			buildPhases = (
				51C821211F9898160089BDBE /* Sources */,
				51C821221F9898160089BDBE /* Frameworks */,
				51C821231F9898160089BDBE /* CopyFiles */,
			);
			buildRules = (
			);
			dependencies = (
			);
			name = Predavanje3;
			productName = Predavanje3;
			productReference = 51C821251F9898160089BDBE /* Predavanje3 */;
			productType = "com.apple.product-type.tool";
		};
/* End PBXNativeTarget section */

/* Begin PBXProject section */
		517A681B1F8FA0D200A5B6CF /* Project object */ = {
			isa = PBXProject;
			attributes = {
				LastUpgradeCheck = 0900;
				ORGANIZATIONNAME = "Ziga Strgar";
				TargetAttributes = {
					517A68221F8FA0D300A5B6CF = {
						CreatedOnToolsVersion = 9.0;
						ProvisioningStyle = Automatic;
					};
					517A68381F8FC96100A5B6CF = {
						CreatedOnToolsVersion = 9.0;
						ProvisioningStyle = Automatic;
					};
					51C821151F9621680089BDBE = {
						CreatedOnToolsVersion = 9.0.1;
						ProvisioningStyle = Automatic;
					};
					51C821241F9898160089BDBE = {
						CreatedOnToolsVersion = 9.0.1;
						ProvisioningStyle = Automatic;
					};
				};
			};
			buildConfigurationList = 517A681E1F8FA0D200A5B6CF /* Build configuration list for PBXProject "VPSA" */;
			compatibilityVersion = "Xcode 8.0";
			developmentRegion = en;
			hasScannedForEncodings = 0;
			knownRegions = (
				en,
			);
			mainGroup = 517A681A1F8FA0D200A5B6CF;
			productRefGroup = 517A68241F8FA0D300A5B6CF /* Products */;
			projectDirPath = "";
			projectRoot = "";
			targets = (
				517A68221F8FA0D300A5B6CF /* VPSA */,
				517A68381F8FC96100A5B6CF /* Naloga1 */,
				51C821151F9621680089BDBE /* Naloga2 */,
				51C821241F9898160089BDBE /* Predavanje3 */,
			);
		};
/* End PBXProject section */

/* Begin PBXSourcesBuildPhase section */
		517A681F1F8FA0D300A5B6CF /* Sources */ = {
			isa = PBXSourcesBuildPhase;
			buildActionMask = 2147483647;
			files = (
				517A68321F8FA0FE00A5B6CF /* predavanje_2.c in Sources */,
				51C821201F962E2E0089BDBE /* serverLinux.cpp in Sources */,
			);
			runOnlyForDeploymentPostprocessing = 0;
		};
		517A68351F8FC96100A5B6CF /* Sources */ = {
			isa = PBXSourcesBuildPhase;
			buildActionMask = 2147483647;
			files = (
				517A683C1F8FC96100A5B6CF /* main.c in Sources */,
			);
			runOnlyForDeploymentPostprocessing = 0;
		};
		51C821121F9621680089BDBE /* Sources */ = {
			isa = PBXSourcesBuildPhase;
			buildActionMask = 2147483647;
			files = (
				51C821191F9621680089BDBE /* main.c in Sources */,
			);
			runOnlyForDeploymentPostprocessing = 0;
		};
		51C821211F9898160089BDBE /* Sources */ = {
			isa = PBXSourcesBuildPhase;
			buildActionMask = 2147483647;
			files = (
				51C821281F9898160089BDBE /* main.c in Sources */,
			);
			runOnlyForDeploymentPostprocessing = 0;
		};
/* End PBXSourcesBuildPhase section */

/* Begin XCBuildConfiguration section */
		517A68281F8FA0D300A5B6CF /* Debug */ = {
			isa = XCBuildConfiguration;
			buildSettings = {
				ALWAYS_SEARCH_USER_PATHS = NO;
				CLANG_ANALYZER_NONNULL = YES;
				CLANG_ANALYZER_NUMBER_OBJECT_CONVERSION = YES_AGGRESSIVE;
				CLANG_CXX_LANGUAGE_STANDARD = "gnu++14";
				CLANG_CXX_LIBRARY = "libc++";
				CLANG_ENABLE_MODULES = YES;
				CLANG_ENABLE_OBJC_ARC = YES;
				CLANG_WARN_BLOCK_CAPTURE_AUTORELEASING = YES;
				CLANG_WARN_BOOL_CONVERSION = YES;
				CLANG_WARN_COMMA = YES;
				CLANG_WARN_CONSTANT_CONVERSION = YES;
				CLANG_WARN_DIRECT_OBJC_ISA_USAGE = YES_ERROR;
				CLANG_WARN_DOCUMENTATION_COMMENTS = YES;
				CLANG_WARN_EMPTY_BODY = YES;
				CLANG_WARN_ENUM_CONVERSION = YES;
				CLANG_WARN_INFINITE_RECURSION = YES;
				CLANG_WARN_INT_CONVERSION = YES;
				CLANG_WARN_NON_LITERAL_NULL_CONVERSION = YES;
				CLANG_WARN_OBJC_LITERAL_CONVERSION = YES;
				CLANG_WARN_OBJC_ROOT_CLASS = YES_ERROR;
				CLANG_WARN_RANGE_LOOP_ANALYSIS = YES;
				CLANG_WARN_STRICT_PROTOTYPES = YES;
				CLANG_WARN_SUSPICIOUS_MOVE = YES;
				CLANG_WARN_UNGUARDED_AVAILABILITY = YES_AGGRESSIVE;
				CLANG_WARN_UNREACHABLE_CODE = YES;
				CLANG_WARN__DUPLICATE_METHOD_MATCH = YES;
				CODE_SIGN_IDENTITY = "Mac Developer";
				COPY_PHASE_STRIP = NO;
				DEBUG_INFORMATION_FORMAT = dwarf;
				ENABLE_STRICT_OBJC_MSGSEND = YES;
				ENABLE_TESTABILITY = YES;
				GCC_C_LANGUAGE_STANDARD = gnu11;
				GCC_DYNAMIC_NO_PIC = NO;
				GCC_NO_COMMON_BLOCKS = YES;
				GCC_OPTIMIZATION_LEVEL = 0;
				GCC_PREPROCESSOR_DEFINITIONS = (
					"DEBUG=1",
					"$(inherited)",
				);
				GCC_WARN_64_TO_32_BIT_CONVERSION = YES;
				GCC_WARN_ABOUT_RETURN_TYPE = YES_ERROR;
				GCC_WARN_UNDECLARED_SELECTOR = YES;
				GCC_WARN_UNINITIALIZED_AUTOS = YES_AGGRESSIVE;
				GCC_WARN_UNUSED_FUNCTION = YES;
				GCC_WARN_UNUSED_VARIABLE = YES;
				MACOSX_DEPLOYMENT_TARGET = 10.13;
				MTL_ENABLE_DEBUG_INFO = YES;
				ONLY_ACTIVE_ARCH = YES;
				SDKROOT = macosx;
			};
			name = Debug;
		};
		517A68291F8FA0D300A5B6CF /* Release */ = {
			isa = XCBuildConfiguration;
			buildSettings = {
				ALWAYS_SEARCH_USER_PATHS = NO;
				CLANG_ANALYZER_NONNULL = YES;
				CLANG_ANALYZER_NUMBER_OBJECT_CONVERSION = YES_AGGRESSIVE;
				CLANG_CXX_LANGUAGE_STANDARD = "gnu++14";
				CLANG_CXX_LIBRARY = "libc++";
				CLANG_ENABLE_MODULES = YES;
				CLANG_ENABLE_OBJC_ARC = YES;
				CLANG_WARN_BLOCK_CAPTURE_AUTORELEASING = YES;
				CLANG_WARN_BOOL_CONVERSION = YES;
				CLANG_WARN_COMMA = YES;
				CLANG_WARN_CONSTANT_CONVERSION = YES;
				CLANG_WARN_DIRECT_OBJC_ISA_USAGE = YES_ERROR;
				CLANG_WARN_DOCUMENTATION_COMMENTS = YES;
				CLANG_WARN_EMPTY_BODY = YES;
				CLANG_WARN_ENUM_CONVERSION = YES;
				CLANG_WARN_INFINITE_RECURSION = YES;
				CLANG_WARN_INT_CONVERSION = YES;
				CLANG_WARN_NON_LITERAL_NULL_CONVERSION = YES;
				CLANG_WARN_OBJC_LITERAL_CONVERSION = YES;
				CLANG_WARN_OBJC_ROOT_CLASS = YES_ERROR;
				CLANG_WARN_RANGE_LOOP_ANALYSIS = YES;
				CLANG_WARN_STRICT_PROTOTYPES = YES;
				CLANG_WARN_SUSPICIOUS_MOVE = YES;
				CLANG_WARN_UNGUARDED_AVAILABILITY = YES_AGGRESSIVE;
				CLANG_WARN_UNREACHABLE_CODE = YES;
				CLANG_WARN__DUPLICATE_METHOD_MATCH = YES;
				CODE_SIGN_IDENTITY = "Mac Developer";
				COPY_PHASE_STRIP = NO;
				DEBUG_INFORMATION_FORMAT = "dwarf-with-dsym";
				ENABLE_NS_ASSERTIONS = NO;
				ENABLE_STRICT_OBJC_MSGSEND = YES;
				GCC_C_LANGUAGE_STANDARD = gnu11;
				GCC_NO_COMMON_BLOCKS = YES;
				GCC_WARN_64_TO_32_BIT_CONVERSION = YES;
				GCC_WARN_ABOUT_RETURN_TYPE = YES_ERROR;
				GCC_WARN_UNDECLARED_SELECTOR = YES;
				GCC_WARN_UNINITIALIZED_AUTOS = YES_AGGRESSIVE;
				GCC_WARN_UNUSED_FUNCTION = YES;
				GCC_WARN_UNUSED_VARIABLE = YES;
				MACOSX_DEPLOYMENT_TARGET = 10.13;
				MTL_ENABLE_DEBUG_INFO = NO;
				SDKROOT = macosx;
			};
			name = Release;
		};
		517A682B1F8FA0D300A5B6CF /* Debug */ = {
			isa = XCBuildConfiguration;
			buildSettings = {
				CODE_SIGN_STYLE = Automatic;
				DEVELOPMENT_TEAM = MP6X64M7KA;
				PRODUCT_NAME = "$(TARGET_NAME)";
			};
			name = Debug;
		};
		517A682C1F8FA0D300A5B6CF /* Release */ = {
			isa = XCBuildConfiguration;
			buildSettings = {
				CODE_SIGN_STYLE = Automatic;
				DEVELOPMENT_TEAM = MP6X64M7KA;
				PRODUCT_NAME = "$(TARGET_NAME)";
			};
			name = Release;
		};
		517A683E1F8FC96100A5B6CF /* Debug */ = {
			isa = XCBuildConfiguration;
			buildSettings = {
				CODE_SIGN_STYLE = Automatic;
				DEVELOPMENT_TEAM = MP6X64M7KA;
				PRODUCT_NAME = "$(TARGET_NAME)";
			};
			name = Debug;
		};
		517A683F1F8FC96100A5B6CF /* Release */ = {
			isa = XCBuildConfiguration;
			buildSettings = {
				CODE_SIGN_STYLE = Automatic;
				DEVELOPMENT_TEAM = MP6X64M7KA;
				PRODUCT_NAME = "$(TARGET_NAME)";
			};
			name = Release;
		};
		51C8211A1F9621680089BDBE /* Debug */ = {
			isa = XCBuildConfiguration;
			buildSettings = {
				CODE_SIGN_STYLE = Automatic;
				DEVELOPMENT_TEAM = MP6X64M7KA;
				PRODUCT_NAME = "$(TARGET_NAME)";
			};
			name = Debug;
		};
		51C8211B1F9621680089BDBE /* Release */ = {
			isa = XCBuildConfiguration;
			buildSettings = {
				CODE_SIGN_STYLE = Automatic;
				DEVELOPMENT_TEAM = MP6X64M7KA;
				PRODUCT_NAME = "$(TARGET_NAME)";
			};
			name = Release;
		};
		51C8212A1F9898160089BDBE /* Debug */ = {
			isa = XCBuildConfiguration;
			buildSettings = {
				CODE_SIGN_STYLE = Automatic;
				DEVELOPMENT_TEAM = MP6X64M7KA;
				PRODUCT_NAME = "$(TARGET_NAME)";
			};
			name = Debug;
		};
		51C8212B1F9898160089BDBE /* Release */ = {
			isa = XCBuildConfiguration;
			buildSettings = {
				CODE_SIGN_STYLE = Automatic;
				DEVELOPMENT_TEAM = MP6X64M7KA;
				PRODUCT_NAME = "$(TARGET_NAME)";
			};
			name = Release;
		};
/* End XCBuildConfiguration section */

/* Begin XCConfigurationList section */
		517A681E1F8FA0D200A5B6CF /* Build configuration list for PBXProject "VPSA" */ = {
			isa = XCConfigurationList;
			buildConfigurations = (
				517A68281F8FA0D300A5B6CF /* Debug */,
				517A68291F8FA0D300A5B6CF /* Release */,
			);
			defaultConfigurationIsVisible = 0;
			defaultConfigurationName = Release;
		};
		517A682A1F8FA0D300A5B6CF /* Build configuration list for PBXNativeTarget "VPSA" */ = {
			isa = XCConfigurationList;
			buildConfigurations = (
				517A682B1F8FA0D300A5B6CF /* Debug */,
				517A682C1F8FA0D300A5B6CF /* Release */,
			);
			defaultConfigurationIsVisible = 0;
			defaultConfigurationName = Release;
		};
		517A683D1F8FC96100A5B6CF /* Build configuration list for PBXNativeTarget "Naloga1" */ = {
			isa = XCConfigurationList;
			buildConfigurations = (
				517A683E1F8FC96100A5B6CF /* Debug */,
				517A683F1F8FC96100A5B6CF /* Release */,
			);
			defaultConfigurationIsVisible = 0;
			defaultConfigurationName = Release;
		};
		51C8211C1F9621680089BDBE /* Build configuration list for PBXNativeTarget "Naloga2" */ = {
			isa = XCConfigurationList;
			buildConfigurations = (
				51C8211A1F9621680089BDBE /* Debug */,
				51C8211B1F9621680089BDBE /* Release */,
			);
			defaultConfigurationIsVisible = 0;
			defaultConfigurationName = Release;
		};
		51C821291F9898160089BDBE /* Build configuration list for PBXNativeTarget "Predavanje3" */ = {
			isa = XCConfigurationList;
			buildConfigurations = (
				51C8212A1F9898160089BDBE /* Debug */,
				51C8212B1F9898160089BDBE /* Release */,
			);
			defaultConfigurationIsVisible = 0;
			defaultConfigurationName = Release;
		};
/* End XCConfigurationList section */
	};
	rootObject = 517A681B1F8FA0D200A5B6CF /* Project object */;
}
